
Microsoft Visual Studio Solution File, Format Version 12.00
# Visual Studio Version 17
VisualStudioVersion = 17.5.002.0
MinimumVisualStudioVersion = 10.0.40219.1
Project("{9A19103F-16F7-4668-BE54-9A1E7A4F7556}") = "SmartSchool.WebAPI", "SmartSchool.WebAPI\SmartSchool.WebAPI.csproj", "{6BFCA15B-50FB-495A-A8D6-E9E6D7200E62}"
EndProject
Global
	GlobalSection(SolutionConfigurationPlatforms) = preSolution
		Debug|Any CPU = Debug|Any CPU
		Release|Any CPU = Release|Any CPU
	EndGlobalSection
	GlobalSection(ProjectConfigurationPlatforms) = postSolution
		{6BFCA15B-50FB-495A-A8D6-E9E6D7200E62}.Debug|Any CPU.ActiveCfg = Debug|Any CPU
		{6BFCA15B-50FB-495A-A8D6-E9E6D7200E62}.Debug|Any CPU.Build.0 = Debug|Any CPU
		{6BFCA15B-50FB-495A-A8D6-E9E6D7200E62}.Release|Any CPU.ActiveCfg = Release|Any CPU
		{6BFCA15B-50FB-495A-A8D6-E9E6D7200E62}.Release|Any CPU.Build.0 = Release|Any CPU
	EndGlobalSection
	GlobalSection(SolutionProperties) = preSolution
		HideSolutionNode = FALSE
	EndGlobalSection
	GlobalSection(ExtensibilityGlobals) = postSolution
		SolutionGuid = {7C042096-31A2-41DD-BCB6-C28A78F7014D}
	EndGlobalSection
EndGlobal
